
Microsoft Visual Studio Solution File, Format Version 11.00
# Visual Studio 2010
Project("{8BC9CEB8-8B4A-11D0-8D11-00A0C91BC942}") = "kkm_driver", "kkm_driver.vcxproj", "{830B4B9D-E14B-419D-A967-29E6225580FE}"
EndProject
Project("{8BC9CEB8-8B4A-11D0-8D11-00A0C91BC942}") = "http_test", "..\..\kkm_http_test\win32\http_test.vcxproj", "{4CD0E022-0723-45C9-AB7C-969DEC9A0C00}"
EndProject
Project("{8BC9CEB8-8B4A-11D0-8D11-00A0C91BC942}") = "kkm_test", "..\..\kkm_test\win32\kkm_test.vcxproj", "{631C2482-53A9-43AB-A26E-D328CB859875}"
EndProject
Project("{8BC9CEB8-8B4A-11D0-8D11-00A0C91BC942}") = "kkm_http_server", "..\..\kkm_http_server\win32\kkm_http_server.vcxproj", "{A10C4E76-D6BA-49DD-8C01-032EFD3906E8}"
EndProject
Project("{8BC9CEB8-8B4A-11D0-8D11-00A0C91BC942}") = "jpos_adapter", "..\..\jpos_adapter\win32\jpos_adapter.vcxproj", "{F2B68B2A-A275-482A-B5F2-C1DB08718DCB}"
EndProject
Project("{8BC9CEB8-8B4A-11D0-8D11-00A0C91BC942}") = "net_send", "..\..\net_send\win32\net_send.vcxproj", "{4D6A8766-FBEB-4530-BE74-2D6236BF48F8}"
EndProject
Project("{8BC9CEB8-8B4A-11D0-8D11-00A0C91BC942}") = "sys_helper", "..\..\sys_helper\win32\sys_helper.vcxproj", "{B7329376-E6AA-495E-B6EA-B974306C6BB4}"
EndProject
Project("{8BC9CEB8-8B4A-11D0-8D11-00A0C91BC942}") = "kkm_control", "..\..\kkm_control\win32\kkm_control.vcxproj", "{1BB4F700-3229-4859-9273-2674869EFDCA}"
EndProject
Global
	GlobalSection(SolutionConfigurationPlatforms) = preSolution
		Debug|Win32 = Debug|Win32
		Release|Win32 = Release|Win32
	EndGlobalSection
	GlobalSection(ProjectConfigurationPlatforms) = postSolution
		{830B4B9D-E14B-419D-A967-29E6225580FE}.Debug|Win32.ActiveCfg = Debug|Win32
		{830B4B9D-E14B-419D-A967-29E6225580FE}.Debug|Win32.Build.0 = Debug|Win32
		{830B4B9D-E14B-419D-A967-29E6225580FE}.Release|Win32.ActiveCfg = Release|Win32
		{830B4B9D-E14B-419D-A967-29E6225580FE}.Release|Win32.Build.0 = Release|Win32
		{4CD0E022-0723-45C9-AB7C-969DEC9A0C00}.Debug|Win32.ActiveCfg = Debug|Win32
		{4CD0E022-0723-45C9-AB7C-969DEC9A0C00}.Debug|Win32.Build.0 = Debug|Win32
		{4CD0E022-0723-45C9-AB7C-969DEC9A0C00}.Release|Win32.ActiveCfg = Release|Win32
		{4CD0E022-0723-45C9-AB7C-969DEC9A0C00}.Release|Win32.Build.0 = Release|Win32
		{631C2482-53A9-43AB-A26E-D328CB859875}.Debug|Win32.ActiveCfg = Debug|Win32
		{631C2482-53A9-43AB-A26E-D328CB859875}.Debug|Win32.Build.0 = Debug|Win32
		{631C2482-53A9-43AB-A26E-D328CB859875}.Release|Win32.ActiveCfg = Release|Win32
		{631C2482-53A9-43AB-A26E-D328CB859875}.Release|Win32.Build.0 = Release|Win32
		{A10C4E76-D6BA-49DD-8C01-032EFD3906E8}.Debug|Win32.ActiveCfg = Debug|Win32
		{A10C4E76-D6BA-49DD-8C01-032EFD3906E8}.Debug|Win32.Build.0 = Debug|Win32
		{A10C4E76-D6BA-49DD-8C01-032EFD3906E8}.Release|Win32.ActiveCfg = Release|Win32
		{A10C4E76-D6BA-49DD-8C01-032EFD3906E8}.Release|Win32.Build.0 = Release|Win32
		{F2B68B2A-A275-482A-B5F2-C1DB08718DCB}.Debug|Win32.ActiveCfg = Debug|Win32
		{F2B68B2A-A275-482A-B5F2-C1DB08718DCB}.Debug|Win32.Build.0 = Debug|Win32
		{F2B68B2A-A275-482A-B5F2-C1DB08718DCB}.Release|Win32.ActiveCfg = Release|Win32
		{F2B68B2A-A275-482A-B5F2-C1DB08718DCB}.Release|Win32.Build.0 = Release|Win32
		{4D6A8766-FBEB-4530-BE74-2D6236BF48F8}.Debug|Win32.ActiveCfg = Debug|Win32
		{4D6A8766-FBEB-4530-BE74-2D6236BF48F8}.Debug|Win32.Build.0 = Debug|Win32
		{4D6A8766-FBEB-4530-BE74-2D6236BF48F8}.Release|Win32.ActiveCfg = Release|Win32
		{4D6A8766-FBEB-4530-BE74-2D6236BF48F8}.Release|Win32.Build.0 = Release|Win32
		{B7329376-E6AA-495E-B6EA-B974306C6BB4}.Debug|Win32.ActiveCfg = Debug|Win32
		{B7329376-E6AA-495E-B6EA-B974306C6BB4}.Debug|Win32.Build.0 = Debug|Win32
		{B7329376-E6AA-495E-B6EA-B974306C6BB4}.Release|Win32.ActiveCfg = Release|Win32
		{B7329376-E6AA-495E-B6EA-B974306C6BB4}.Release|Win32.Build.0 = Release|Win32
		{1BB4F700-3229-4859-9273-2674869EFDCA}.Debug|Win32.ActiveCfg = Debug|Win32
		{1BB4F700-3229-4859-9273-2674869EFDCA}.Debug|Win32.Build.0 = Debug|Win32
		{1BB4F700-3229-4859-9273-2674869EFDCA}.Release|Win32.ActiveCfg = Release|Win32
		{1BB4F700-3229-4859-9273-2674869EFDCA}.Release|Win32.Build.0 = Release|Win32
	EndGlobalSection
	GlobalSection(SolutionProperties) = preSolution
		HideSolutionNode = FALSE
	EndGlobalSection
EndGlobal
